// !$*UTF8*$!
{
	archiveVersion = 1;
	classes = {
	};
	objectVersion = 56;
	objects = {

/* Begin PBXBuildFile section */
		A1000001291A0001 /* MemoryAlertApp.swift in Sources */ = {isa = PBXBuildFile; fileRef = A1000002291A0001 /* MemoryAlertApp.swift */; };
		A1000003291A0001 /* ContentView.swift in Sources */ = {isa = PBXBuildFile; fileRef = A1000004291A0001 /* ContentView.swift */; };
		A1000005291A0001 /* ProcessRowView.swift in Sources */ = {isa = PBXBuildFile; fileRef = A1000006291A0001 /* ProcessRowView.swift */; };
		A1000007291A0001 /* ProcessPickerView.swift in Sources */ = {isa = PBXBuildFile; fileRef = A1000008291A0001 /* ProcessPickerView.swift */; };
		A1000009291A0001 /* ThresholdConfigView.swift in Sources */ = {isa = PBXBuildFile; fileRef = A100000A291A0001 /* ThresholdConfigView.swift */; };
		A100000B291A0001 /* SettingsView.swift in Sources */ = {isa = PBXBuildFile; fileRef = A100000C291A0001 /* SettingsView.swift */; };
		A100000D291A0001 /* MonitoredProcess.swift in Sources */ = {isa = PBXBuildFile; fileRef = A100000E291A0001 /* MonitoredProcess.swift */; };
		A100000F291A0001 /* RunningAppInfo.swift in Sources */ = {isa = PBXBuildFile; fileRef = A1000010291A0001 /* RunningAppInfo.swift */; };
		A1000011291A0001 /* ProcessMonitor.swift in Sources */ = {isa = PBXBuildFile; fileRef = A1000012291A0001 /* ProcessMonitor.swift */; };
		A1000013291A0001 /* ProcessLister.swift in Sources */ = {isa = PBXBuildFile; fileRef = A1000014291A0001 /* ProcessLister.swift */; };
		A1000015291A0001 /* AlertManager.swift in Sources */ = {isa = PBXBuildFile; fileRef = A1000016291A0001 /* AlertManager.swift */; };
		A1000017291A0001 /* Assets.xcassets in Resources */ = {isa = PBXBuildFile; fileRef = A1000018291A0001 /* Assets.xcassets */; };
/* End PBXBuildFile section */

/* Begin PBXFileReference section */
		A1000000291A0000 /* MemoryAlert.app */ = {isa = PBXFileReference; explicitFileType = wrapper.application; includeInIndex = 0; path = MemoryAlert.app; sourceTree = BUILT_PRODUCTS_DIR; };
		A1000002291A0001 /* MemoryAlertApp.swift */ = {isa = PBXFileReference; lastKnownFileType = sourcecode.swift; path = MemoryAlertApp.swift; sourceTree = "<group>"; };
		A1000004291A0001 /* ContentView.swift */ = {isa = PBXFileReference; lastKnownFileType = sourcecode.swift; path = ContentView.swift; sourceTree = "<group>"; };
		A1000006291A0001 /* ProcessRowView.swift */ = {isa = PBXFileReference; lastKnownFileType = sourcecode.swift; path = ProcessRowView.swift; sourceTree = "<group>"; };
		A1000008291A0001 /* ProcessPickerView.swift */ = {isa = PBXFileReference; lastKnownFileType = sourcecode.swift; path = ProcessPickerView.swift; sourceTree = "<group>"; };
		A100000A291A0001 /* ThresholdConfigView.swift */ = {isa = PBXFileReference; lastKnownFileType = sourcecode.swift; path = ThresholdConfigView.swift; sourceTree = "<group>"; };
		A100000C291A0001 /* SettingsView.swift */ = {isa = PBXFileReference; lastKnownFileType = sourcecode.swift; path = SettingsView.swift; sourceTree = "<group>"; };
		A100000E291A0001 /* MonitoredProcess.swift */ = {isa = PBXFileReference; lastKnownFileType = sourcecode.swift; path = MonitoredProcess.swift; sourceTree = "<group>"; };
		A1000010291A0001 /* RunningAppInfo.swift */ = {isa = PBXFileReference; lastKnownFileType = sourcecode.swift; path = RunningAppInfo.swift; sourceTree = "<group>"; };
		A1000012291A0001 /* ProcessMonitor.swift */ = {isa = PBXFileReference; lastKnownFileType = sourcecode.swift; path = ProcessMonitor.swift; sourceTree = "<group>"; };
		A1000014291A0001 /* ProcessLister.swift */ = {isa = PBXFileReference; lastKnownFileType = sourcecode.swift; path = ProcessLister.swift; sourceTree = "<group>"; };
		A1000016291A0001 /* AlertManager.swift */ = {isa = PBXFileReference; lastKnownFileType = sourcecode.swift; path = AlertManager.swift; sourceTree = "<group>"; };
		A1000018291A0001 /* Assets.xcassets */ = {isa = PBXFileReference; lastKnownFileType = folder.assetcatalog; path = Assets.xcassets; sourceTree = "<group>"; };
		A100001A291A0001 /* Info.plist */ = {isa = PBXFileReference; lastKnownFileType = text.plist.xml; path = Info.plist; sourceTree = "<group>"; };
		A100001B291A0001 /* MemoryAlert.entitlements */ = {isa = PBXFileReference; lastKnownFileType = text.plist.entitlements; path = MemoryAlert.entitlements; sourceTree = "<group>"; };
/* End PBXFileReference section */

/* Begin PBXFrameworksBuildPhase section */
		A1FFFFF0291A0000 /* Frameworks */ = {
			isa = PBXFrameworksBuildPhase;
			buildActionMask = 2147483647;
			files = (
			);
			runOnlyForDeploymentPostprocessing = 0;
		};
/* End PBXFrameworksBuildPhase section */

/* Begin PBXGroup section */
		A1FFFFEA291A0000 = {
			isa = PBXGroup;
			children = (
				A1FFFFF5291A0000 /* MemoryAlert */,
				A1FFFFF4291A0000 /* Products */,
			);
			sourceTree = "<group>";
		};
		A1FFFFF4291A0000 /* Products */ = {
			isa = PBXGroup;
			children = (
				A1000000291A0000 /* MemoryAlert.app */,
			);
			name = Products;
			sourceTree = "<group>";
		};
		A1FFFFF5291A0000 /* MemoryAlert */ = {
			isa = PBXGroup;
			children = (
				A1000002291A0001 /* MemoryAlertApp.swift */,
				A1FFFFF6291A0000 /* Views */,
				A1FFFFF7291A0000 /* Models */,
				A1FFFFF8291A0000 /* Services */,
				A1FFFFF9291A0000 /* Resources */,
				A100001A291A0001 /* Info.plist */,
				A100001B291A0001 /* MemoryAlert.entitlements */,
			);
			path = MemoryAlert;
			sourceTree = "<group>";
		};
		A1FFFFF6291A0000 /* Views */ = {
			isa = PBXGroup;
			children = (
				A1000004291A0001 /* ContentView.swift */,
				A1000006291A0001 /* ProcessRowView.swift */,
				A1000008291A0001 /* ProcessPickerView.swift */,
				A100000A291A0001 /* ThresholdConfigView.swift */,
				A100000C291A0001 /* SettingsView.swift */,
			);
			path = Views;
			sourceTree = "<group>";
		};
		A1FFFFF7291A0000 /* Models */ = {
			isa = PBXGroup;
			children = (
				A100000E291A0001 /* MonitoredProcess.swift */,
				A1000010291A0001 /* RunningAppInfo.swift */,
			);
			path = Models;
			sourceTree = "<group>";
		};
		A1FFFFF8291A0000 /* Services */ = {
			isa = PBXGroup;
			children = (
				A1000012291A0001 /* ProcessMonitor.swift */,
				A1000014291A0001 /* ProcessLister.swift */,
				A1000016291A0001 /* AlertManager.swift */,
			);
			path = Services;
			sourceTree = "<group>";
		};
		A1FFFFF9291A0000 /* Resources */ = {
			isa = PBXGroup;
			children = (
				A1000018291A0001 /* Assets.xcassets */,
			);
			path = Resources;
			sourceTree = "<group>";
		};
/* End PBXGroup section */

/* Begin PBXNativeTarget section */
		A1FFFFEF291A0000 /* MemoryAlert */ = {
			isa = PBXNativeTarget;
			buildConfigurationList = A1FFFFFD291A0000 /* Build configuration list for PBXNativeTarget "MemoryAlert" */;
			buildPhases = (
				A1FFFFEC291A0000 /* Sources */,
				A1FFFFF0291A0000 /* Frameworks */,
				A1FFFFF1291A0000 /* Resources */,
			);
			buildRules = (
			);
			dependencies = (
			);
			name = MemoryAlert;
			productName = MemoryAlert;
			productReference = A1000000291A0000 /* MemoryAlert.app */;
			productType = "com.apple.product-type.application";
		};
/* End PBXNativeTarget section */

/* Begin PBXProject section */
		A1FFFFEB291A0000 /* Project object */ = {
			isa = PBXProject;
			attributes = {
				BuildIndependentTargetsInParallel = 1;
				LastSwiftUpdateCheck = 1500;
				LastUpgradeCheck = 1500;
				TargetAttributes = {
					A1FFFFEF291A0000 = {
						CreatedOnToolsVersion = 15.0;
					};
				};
			};
			buildConfigurationList = A1FFFFEE291A0000 /* Build configuration list for PBXProject "MemoryAlert" */;
			compatibilityVersion = "Xcode 14.0";
			developmentRegion = en;
			hasScannedForEncodings = 0;
			knownRegions = (
				en,
				Base,
			);
			mainGroup = A1FFFFEA291A0000;
			productRefGroup = A1FFFFF4291A0000 /* Products */;
			projectDirPath = "";
			projectRoot = "";
			targets = (
				A1FFFFEF291A0000 /* MemoryAlert */,
			);
		};
/* End PBXProject section */

/* Begin PBXResourcesBuildPhase section */
		A1FFFFF1291A0000 /* Resources */ = {
			isa = PBXResourcesBuildPhase;
			buildActionMask = 2147483647;
			files = (
				A1000017291A0001 /* Assets.xcassets in Resources */,
			);
			runOnlyForDeploymentPostprocessing = 0;
		};
/* End PBXResourcesBuildPhase section */

/* Begin PBXSourcesBuildPhase section */
		A1FFFFEC291A0000 /* Sources */ = {
			isa = PBXSourcesBuildPhase;
			buildActionMask = 2147483647;
			files = (
				A1000001291A0001 /* MemoryAlertApp.swift in Sources */,
				A1000003291A0001 /* ContentView.swift in Sources */,
				A1000005291A0001 /* ProcessRowView.swift in Sources */,
				A1000007291A0001 /* ProcessPickerView.swift in Sources */,
				A1000009291A0001 /* ThresholdConfigView.swift in Sources */,
				A100000B291A0001 /* SettingsView.swift in Sources */,
				A100000D291A0001 /* MonitoredProcess.swift in Sources */,
				A100000F291A0001 /* RunningAppInfo.swift in Sources */,
				A1000011291A0001 /* ProcessMonitor.swift in Sources */,
				A1000013291A0001 /* ProcessLister.swift in Sources */,
				A1000015291A0001 /* AlertManager.swift in Sources */,
			);
			runOnlyForDeploymentPostprocessing = 0;
		};
/* End PBXSourcesBuildPhase section */

/* Begin XCBuildConfiguration section */
		A1FFFFFB291A0000 /* Debug */ = {
			isa = XCBuildConfiguration;
			buildSettings = {
				ALWAYS_SEARCH_USER_PATHS = NO;
				ASSETCATALOG_COMPILER_GENERATE_SWIFT_ASSET_SYMBOL_EXTENSIONS = YES;
				CLANG_ANALYZER_NONNULL = YES;
				CLANG_ANALYZER_NUMBER_OBJECT_CONVERSION = YES_AGGRESSIVE;
				CLANG_CXX_LANGUAGE_STANDARD = "gnu++20";
				CLANG_ENABLE_MODULES = YES;
				CLANG_ENABLE_OBJC_ARC = YES;
				CLANG_ENABLE_OBJC_WEAK = YES;
				CLANG_WARN_BLOCK_CAPTURE_AUTORELEASING = YES;
				CLANG_WARN_BOOL_CONVERSION = YES;
				CLANG_WARN_COMMA = YES;
				CLANG_WARN_CONSTANT_CONVERSION = YES;
				CLANG_WARN_DEPRECATED_OBJC_IMPLEMENTATIONS = YES;
				CLANG_WARN_DIRECT_OBJC_ISA_USAGE = YES_ERROR;
				CLANG_WARN_DOCUMENTATION_COMMENTS = YES;
				CLANG_WARN_EMPTY_BODY = YES;
				CLANG_WARN_ENUM_CONVERSION = YES;
				CLANG_WARN_INFINITE_RECURSION = YES;
				CLANG_WARN_INT_CONVERSION = YES;
				CLANG_WARN_NON_LITERAL_NULL_CONVERSION = YES;
				CLANG_WARN_OBJC_IMPLICIT_RETAIN_SELF = YES;
				CLANG_WARN_OBJC_LITERAL_CONVERSION = YES;
				CLANG_WARN_OBJC_ROOT_CLASS = YES_ERROR;
				CLANG_WARN_QUOTED_INCLUDE_IN_FRAMEWORK_HEADER = YES;
				CLANG_WARN_RANGE_LOOP_ANALYSIS = YES;
				CLANG_WARN_STRICT_PROTOTYPES = YES;
				CLANG_WARN_SUSPICIOUS_MOVE = YES;
				CLANG_WARN_UNGUARDED_AVAILABILITY = YES_AGGRESSIVE;
				CLANG_WARN_UNREACHABLE_CODE = YES;
				CLANG_WARN__DUPLICATE_METHOD_MATCH = YES;
				COPY_PHASE_STRIP = NO;
				DEBUG_INFORMATION_FORMAT = dwarf;
				ENABLE_STRICT_OBJC_MSGSEND = YES;
				ENABLE_TESTABILITY = YES;
				ENABLE_USER_SCRIPT_SANDBOXING = YES;
				GCC_C_LANGUAGE_STANDARD = gnu17;
				GCC_DYNAMIC_NO_PIC = NO;
				GCC_NO_COMMON_BLOCKS = YES;
				GCC_OPTIMIZATION_LEVEL = 0;
				GCC_PREPROCESSOR_DEFINITIONS = (
					"DEBUG=1",
					"$(inherited)",
				);
				GCC_WARN_64_TO_32_BIT_CONVERSION = YES;
				GCC_WARN_ABOUT_RETURN_TYPE = YES_ERROR;
				GCC_WARN_UNDECLARED_SELECTOR = YES;
				GCC_WARN_UNINITIALIZED_AUTOS = YES_AGGRESSIVE;
				GCC_WARN_UNUSED_FUNCTION = YES;
				GCC_WARN_UNUSED_VARIABLE = YES;
				LOCALIZATION_PREFERS_STRING_CATALOGS = YES;
				MACOSX_DEPLOYMENT_TARGET = 13.0;
				MTL_ENABLE_DEBUG_INFO = INCLUDE_SOURCE;
				MTL_FAST_MATH = YES;
				ONLY_ACTIVE_ARCH = YES;
				SDKROOT = macosx;
				SWIFT_ACTIVE_COMPILATION_CONDITIONS = "DEBUG $(inherited)";
				SWIFT_OPTIMIZATION_LEVEL = "-Onone";
			};
			name = Debug;
		};
		A1FFFFFC291A0000 /* Release */ = {
			isa = XCBuildConfiguration;
			buildSettings = {
				ALWAYS_SEARCH_USER_PATHS = NO;
				ASSETCATALOG_COMPILER_GENERATE_SWIFT_ASSET_SYMBOL_EXTENSIONS = YES;
				CLANG_ANALYZER_NONNULL = YES;
				CLANG_ANALYZER_NUMBER_OBJECT_CONVERSION = YES_AGGRESSIVE;
				CLANG_CXX_LANGUAGE_STANDARD = "gnu++20";
				CLANG_ENABLE_MODULES = YES;
				CLANG_ENABLE_OBJC_ARC = YES;
				CLANG_ENABLE_OBJC_WEAK = YES;
				CLANG_WARN_BLOCK_CAPTURE_AUTORELEASING = YES;
				CLANG_WARN_BOOL_CONVERSION = YES;
				CLANG_WARN_COMMA = YES;
				CLANG_WARN_CONSTANT_CONVERSION = YES;
				CLANG_WARN_DEPRECATED_OBJC_IMPLEMENTATIONS = YES;
				CLANG_WARN_DIRECT_OBJC_ISA_USAGE = YES_ERROR;
				CLANG_WARN_DOCUMENTATION_COMMENTS = YES;
				CLANG_WARN_EMPTY_BODY = YES;
				CLANG_WARN_ENUM_CONVERSION = YES;
				CLANG_WARN_INFINITE_RECURSION = YES;
				CLANG_WARN_INT_CONVERSION = YES;
				CLANG_WARN_NON_LITERAL_NULL_CONVERSION = YES;
				CLANG_WARN_OBJC_IMPLICIT_RETAIN_SELF = YES;
				CLANG_WARN_OBJC_LITERAL_CONVERSION = YES;
				CLANG_WARN_OBJC_ROOT_CLASS = YES_ERROR;
				CLANG_WARN_QUOTED_INCLUDE_IN_FRAMEWORK_HEADER = YES;
				CLANG_WARN_RANGE_LOOP_ANALYSIS = YES;
				CLANG_WARN_STRICT_PROTOTYPES = YES;
				CLANG_WARN_SUSPICIOUS_MOVE = YES;
				CLANG_WARN_UNGUARDED_AVAILABILITY = YES_AGGRESSIVE;
				CLANG_WARN_UNREACHABLE_CODE = YES;
				CLANG_WARN__DUPLICATE_METHOD_MATCH = YES;
				COPY_PHASE_STRIP = NO;
				DEBUG_INFORMATION_FORMAT = "dwarf-with-dsym";
				ENABLE_NS_ASSERTIONS = NO;
				ENABLE_STRICT_OBJC_MSGSEND = YES;
				ENABLE_USER_SCRIPT_SANDBOXING = YES;
				GCC_C_LANGUAGE_STANDARD = gnu17;
				GCC_NO_COMMON_BLOCKS = YES;
				GCC_WARN_64_TO_32_BIT_CONVERSION = YES;
				GCC_WARN_ABOUT_RETURN_TYPE = YES_ERROR;
				GCC_WARN_UNDECLARED_SELECTOR = YES;
				GCC_WARN_UNINITIALIZED_AUTOS = YES_AGGRESSIVE;
				GCC_WARN_UNUSED_FUNCTION = YES;
				GCC_WARN_UNUSED_VARIABLE = YES;
				LOCALIZATION_PREFERS_STRING_CATALOGS = YES;
				MACOSX_DEPLOYMENT_TARGET = 13.0;
				MTL_ENABLE_DEBUG_INFO = NO;
				MTL_FAST_MATH = YES;
				SDKROOT = macosx;
				SWIFT_COMPILATION_MODE = wholemodule;
			};
			name = Release;
		};
		A1FFFFFE291A0000 /* Debug */ = {
			isa = XCBuildConfiguration;
			buildSettings = {
				ASSETCATALOG_COMPILER_APPICON_NAME = AppIcon;
				ASSETCATALOG_COMPILER_GLOBAL_ACCENT_COLOR_NAME = AccentColor;
				CODE_SIGN_ENTITLEMENTS = MemoryAlert/MemoryAlert.entitlements;
				CODE_SIGN_STYLE = Automatic;
				COMBINE_HIDPI_IMAGES = YES;
				CURRENT_PROJECT_VERSION = 1;
				DEVELOPMENT_TEAM = "";
				ENABLE_HARDENED_RUNTIME = YES;
				GENERATE_INFOPLIST_FILE = NO;
				INFOPLIST_FILE = MemoryAlert/Info.plist;
				INFOPLIST_KEY_NSHumanReadableCopyright = "Copyright © 2026. All rights reserved.";
				LD_RUNPATH_SEARCH_PATHS = (
					"$(inherited)",
					"@executable_path/../Frameworks",
				);
				MARKETING_VERSION = 1.0;
				PRODUCT_BUNDLE_IDENTIFIER = com.jonwilliams.MemoryAlert;
				PRODUCT_NAME = "$(TARGET_NAME)";
				SWIFT_EMIT_LOC_STRINGS = YES;
				SWIFT_VERSION = 5.0;
			};
			name = Debug;
		};
		A1FFFFFF291A0000 /* Release */ = {
			isa = XCBuildConfiguration;
			buildSettings = {
				ASSETCATALOG_COMPILER_APPICON_NAME = AppIcon;
				ASSETCATALOG_COMPILER_GLOBAL_ACCENT_COLOR_NAME = AccentColor;
				CODE_SIGN_ENTITLEMENTS = MemoryAlert/MemoryAlert.entitlements;
				CODE_SIGN_STYLE = Automatic;
				COMBINE_HIDPI_IMAGES = YES;
				CURRENT_PROJECT_VERSION = 1;
				DEVELOPMENT_TEAM = "";
				ENABLE_HARDENED_RUNTIME = YES;
				GENERATE_INFOPLIST_FILE = NO;
				INFOPLIST_FILE = MemoryAlert/Info.plist;
				INFOPLIST_KEY_NSHumanReadableCopyright = "Copyright © 2026. All rights reserved.";
				LD_RUNPATH_SEARCH_PATHS = (
					"$(inherited)",
					"@executable_path/../Frameworks",
				);
				MARKETING_VERSION = 1.0;
				PRODUCT_BUNDLE_IDENTIFIER = com.jonwilliams.MemoryAlert;
				PRODUCT_NAME = "$(TARGET_NAME)";
				SWIFT_EMIT_LOC_STRINGS = YES;
				SWIFT_VERSION = 5.0;
			};
			name = Release;
		};
/* End XCBuildConfiguration section */

/* Begin XCConfigurationList section */
		A1FFFFEE291A0000 /* Build configuration list for PBXProject "MemoryAlert" */ = {
			isa = XCConfigurationList;
			buildConfigurations = (
				A1FFFFFB291A0000 /* Debug */,
				A1FFFFFC291A0000 /* Release */,
			);
			defaultConfigurationIsVisible = 0;
			defaultConfigurationName = Release;
		};
		A1FFFFFD291A0000 /* Build configuration list for PBXNativeTarget "MemoryAlert" */ = {
			isa = XCConfigurationList;
			buildConfigurations = (
				A1FFFFFE291A0000 /* Debug */,
				A1FFFFFF291A0000 /* Release */,
			);
			defaultConfigurationIsVisible = 0;
			defaultConfigurationName = Release;
		};
/* End XCConfigurationList section */
	};
	rootObject = A1FFFFEB291A0000 /* Project object */;
}
